// !$*UTF8*$!
{
	archiveVersion = 1;
	classes = {
	};
	objectVersion = 55;
	objects = {

/* Begin PBXBuildFile section */
		1F8902C028EDBECD00351BBA /* AppDelegate.swift in Sources */ = {isa = PBXBuildFile; fileRef = 1F8902BF28EDBECD00351BBA /* AppDelegate.swift */; };
		1F8902C228EDBECD00351BBA /* SceneDelegate.swift in Sources */ = {isa = PBXBuildFile; fileRef = 1F8902C128EDBECD00351BBA /* SceneDelegate.swift */; };
		1F8902C428EDBECD00351BBA /* HomeViewController.swift in Sources */ = {isa = PBXBuildFile; fileRef = 1F8902C328EDBECD00351BBA /* HomeViewController.swift */; };
		1F8902C728EDBECD00351BBA /* Main.storyboard in Resources */ = {isa = PBXBuildFile; fileRef = 1F8902C528EDBECD00351BBA /* Main.storyboard */; };
		1F8902C928EDBECE00351BBA /* Assets.xcassets in Resources */ = {isa = PBXBuildFile; fileRef = 1F8902C828EDBECE00351BBA /* Assets.xcassets */; };
		1F8902CC28EDBECE00351BBA /* LaunchScreen.storyboard in Resources */ = {isa = PBXBuildFile; fileRef = 1F8902CA28EDBECE00351BBA /* LaunchScreen.storyboard */; };
		1F8902D728EDBECE00351BBA /* Read_Random_Stories_For_BabiesTests.swift in Sources */ = {isa = PBXBuildFile; fileRef = 1F8902D628EDBECE00351BBA /* Read_Random_Stories_For_BabiesTests.swift */; };
		1F8902E128EDBECE00351BBA /* Read_Random_Stories_For_BabiesUITests.swift in Sources */ = {isa = PBXBuildFile; fileRef = 1F8902E028EDBECE00351BBA /* Read_Random_Stories_For_BabiesUITests.swift */; };
		1F8902E328EDBECE00351BBA /* Read_Random_Stories_For_BabiesUITestsLaunchTests.swift in Sources */ = {isa = PBXBuildFile; fileRef = 1F8902E228EDBECE00351BBA /* Read_Random_Stories_For_BabiesUITestsLaunchTests.swift */; };
		1F8902F028EDC11300351BBA /* WriteStoryViewController.swift in Sources */ = {isa = PBXBuildFile; fileRef = 1F8902EF28EDC11300351BBA /* WriteStoryViewController.swift */; };
		1F8902F228EDD14F00351BBA /* Story.swift in Sources */ = {isa = PBXBuildFile; fileRef = 1F8902F128EDD14F00351BBA /* Story.swift */; };
		1F8902F428EDD27400351BBA /* MyDumyDatabase.swift in Sources */ = {isa = PBXBuildFile; fileRef = 1F8902F328EDD27400351BBA /* MyDumyDatabase.swift */; };
		1F8902F628EE2B5000351BBA /* WriteStoryError.swift in Sources */ = {isa = PBXBuildFile; fileRef = 1F8902F528EE2B5000351BBA /* WriteStoryError.swift */; };
/* End PBXBuildFile section */

/* Begin PBXContainerItemProxy section */
		1F8902D328EDBECE00351BBA /* PBXContainerItemProxy */ = {
			isa = PBXContainerItemProxy;
			containerPortal = 1F8902B428EDBECD00351BBA /* Project object */;
			proxyType = 1;
			remoteGlobalIDString = 1F8902BB28EDBECD00351BBA;
			remoteInfo = "Read Random Stories For Babies";
		};
		1F8902DD28EDBECE00351BBA /* PBXContainerItemProxy */ = {
			isa = PBXContainerItemProxy;
			containerPortal = 1F8902B428EDBECD00351BBA /* Project object */;
			proxyType = 1;
			remoteGlobalIDString = 1F8902BB28EDBECD00351BBA;
			remoteInfo = "Read Random Stories For Babies";
		};
/* End PBXContainerItemProxy section */

/* Begin PBXFileReference section */
		1F8902BC28EDBECD00351BBA /* Read Random Stories For Babies.app */ = {isa = PBXFileReference; explicitFileType = wrapper.application; includeInIndex = 0; path = "Read Random Stories For Babies.app"; sourceTree = BUILT_PRODUCTS_DIR; };
		1F8902BF28EDBECD00351BBA /* AppDelegate.swift */ = {isa = PBXFileReference; lastKnownFileType = sourcecode.swift; path = AppDelegate.swift; sourceTree = "<group>"; };
		1F8902C128EDBECD00351BBA /* SceneDelegate.swift */ = {isa = PBXFileReference; lastKnownFileType = sourcecode.swift; path = SceneDelegate.swift; sourceTree = "<group>"; };
		1F8902C328EDBECD00351BBA /* HomeViewController.swift */ = {isa = PBXFileReference; lastKnownFileType = sourcecode.swift; path = HomeViewController.swift; sourceTree = "<group>"; };
		1F8902C628EDBECD00351BBA /* Base */ = {isa = PBXFileReference; lastKnownFileType = file.storyboard; name = Base; path = Base.lproj/Main.storyboard; sourceTree = "<group>"; };
		1F8902C828EDBECE00351BBA /* Assets.xcassets */ = {isa = PBXFileReference; lastKnownFileType = folder.assetcatalog; path = Assets.xcassets; sourceTree = "<group>"; };
		1F8902CB28EDBECE00351BBA /* Base */ = {isa = PBXFileReference; lastKnownFileType = file.storyboard; name = Base; path = Base.lproj/LaunchScreen.storyboard; sourceTree = "<group>"; };
		1F8902CD28EDBECE00351BBA /* Info.plist */ = {isa = PBXFileReference; lastKnownFileType = text.plist.xml; path = Info.plist; sourceTree = "<group>"; };
		1F8902D228EDBECE00351BBA /* Read Random Stories For BabiesTests.xctest */ = {isa = PBXFileReference; explicitFileType = wrapper.cfbundle; includeInIndex = 0; path = "Read Random Stories For BabiesTests.xctest"; sourceTree = BUILT_PRODUCTS_DIR; };
		1F8902D628EDBECE00351BBA /* Read_Random_Stories_For_BabiesTests.swift */ = {isa = PBXFileReference; lastKnownFileType = sourcecode.swift; path = Read_Random_Stories_For_BabiesTests.swift; sourceTree = "<group>"; };
		1F8902DC28EDBECE00351BBA /* Read Random Stories For BabiesUITests.xctest */ = {isa = PBXFileReference; explicitFileType = wrapper.cfbundle; includeInIndex = 0; path = "Read Random Stories For BabiesUITests.xctest"; sourceTree = BUILT_PRODUCTS_DIR; };
		1F8902E028EDBECE00351BBA /* Read_Random_Stories_For_BabiesUITests.swift */ = {isa = PBXFileReference; lastKnownFileType = sourcecode.swift; path = Read_Random_Stories_For_BabiesUITests.swift; sourceTree = "<group>"; };
		1F8902E228EDBECE00351BBA /* Read_Random_Stories_For_BabiesUITestsLaunchTests.swift */ = {isa = PBXFileReference; lastKnownFileType = sourcecode.swift; path = Read_Random_Stories_For_BabiesUITestsLaunchTests.swift; sourceTree = "<group>"; };
		1F8902EF28EDC11300351BBA /* WriteStoryViewController.swift */ = {isa = PBXFileReference; lastKnownFileType = sourcecode.swift; path = WriteStoryViewController.swift; sourceTree = "<group>"; };
		1F8902F128EDD14F00351BBA /* Story.swift */ = {isa = PBXFileReference; lastKnownFileType = sourcecode.swift; path = Story.swift; sourceTree = "<group>"; };
		1F8902F328EDD27400351BBA /* MyDumyDatabase.swift */ = {isa = PBXFileReference; lastKnownFileType = sourcecode.swift; path = MyDumyDatabase.swift; sourceTree = "<group>"; };
		1F8902F528EE2B5000351BBA /* WriteStoryError.swift */ = {isa = PBXFileReference; lastKnownFileType = sourcecode.swift; path = WriteStoryError.swift; sourceTree = "<group>"; };
/* End PBXFileReference section */

/* Begin PBXFrameworksBuildPhase section */
		1F8902B928EDBECD00351BBA /* Frameworks */ = {
			isa = PBXFrameworksBuildPhase;
			buildActionMask = 2147483647;
			files = (
			);
			runOnlyForDeploymentPostprocessing = 0;
		};
		1F8902CF28EDBECE00351BBA /* Frameworks */ = {
			isa = PBXFrameworksBuildPhase;
			buildActionMask = 2147483647;
			files = (
			);
			runOnlyForDeploymentPostprocessing = 0;
		};
		1F8902D928EDBECE00351BBA /* Frameworks */ = {
			isa = PBXFrameworksBuildPhase;
			buildActionMask = 2147483647;
			files = (
			);
			runOnlyForDeploymentPostprocessing = 0;
		};
/* End PBXFrameworksBuildPhase section */

/* Begin PBXGroup section */
		1F8902B328EDBECD00351BBA = {
			isa = PBXGroup;
			children = (
				1F8902BE28EDBECD00351BBA /* Read Random Stories For Babies */,
				1F8902D528EDBECE00351BBA /* Read Random Stories For BabiesTests */,
				1F8902DF28EDBECE00351BBA /* Read Random Stories For BabiesUITests */,
				1F8902BD28EDBECD00351BBA /* Products */,
			);
			sourceTree = "<group>";
		};
		1F8902BD28EDBECD00351BBA /* Products */ = {
			isa = PBXGroup;
			children = (
				1F8902BC28EDBECD00351BBA /* Read Random Stories For Babies.app */,
				1F8902D228EDBECE00351BBA /* Read Random Stories For BabiesTests.xctest */,
				1F8902DC28EDBECE00351BBA /* Read Random Stories For BabiesUITests.xctest */,
			);
			name = Products;
			sourceTree = "<group>";
		};
		1F8902BE28EDBECD00351BBA /* Read Random Stories For Babies */ = {
			isa = PBXGroup;
			children = (
				1F8902BF28EDBECD00351BBA /* AppDelegate.swift */,
				1F8902C128EDBECD00351BBA /* SceneDelegate.swift */,
				1F8902C328EDBECD00351BBA /* HomeViewController.swift */,
				1F8902EF28EDC11300351BBA /* WriteStoryViewController.swift */,
				1F8902F328EDD27400351BBA /* MyDumyDatabase.swift */,
				1F8902F528EE2B5000351BBA /* WriteStoryError.swift */,
				1F8902F128EDD14F00351BBA /* Story.swift */,
				1F8902C528EDBECD00351BBA /* Main.storyboard */,
				1F8902C828EDBECE00351BBA /* Assets.xcassets */,
				1F8902CA28EDBECE00351BBA /* LaunchScreen.storyboard */,
				1F8902CD28EDBECE00351BBA /* Info.plist */,
			);
			path = "Read Random Stories For Babies";
			sourceTree = "<group>";
		};
		1F8902D528EDBECE00351BBA /* Read Random Stories For BabiesTests */ = {
			isa = PBXGroup;
			children = (
				1F8902D628EDBECE00351BBA /* Read_Random_Stories_For_BabiesTests.swift */,
			);
			path = "Read Random Stories For BabiesTests";
			sourceTree = "<group>";
		};
		1F8902DF28EDBECE00351BBA /* Read Random Stories For BabiesUITests */ = {
			isa = PBXGroup;
			children = (
				1F8902E028EDBECE00351BBA /* Read_Random_Stories_For_BabiesUITests.swift */,
				1F8902E228EDBECE00351BBA /* Read_Random_Stories_For_BabiesUITestsLaunchTests.swift */,
			);
			path = "Read Random Stories For BabiesUITests";
			sourceTree = "<group>";
		};
/* End PBXGroup section */

/* Begin PBXNativeTarget section */
		1F8902BB28EDBECD00351BBA /* Read Random Stories For Babies */ = {
			isa = PBXNativeTarget;
			buildConfigurationList = 1F8902E628EDBECE00351BBA /* Build configuration list for PBXNativeTarget "Read Random Stories For Babies" */;
			buildPhases = (
				1F8902B828EDBECD00351BBA /* Sources */,
				1F8902B928EDBECD00351BBA /* Frameworks */,
				1F8902BA28EDBECD00351BBA /* Resources */,
			);
			buildRules = (
			);
			dependencies = (
			);
			name = "Read Random Stories For Babies";
			productName = "Read Random Stories For Babies";
			productReference = 1F8902BC28EDBECD00351BBA /* Read Random Stories For Babies.app */;
			productType = "com.apple.product-type.application";
		};
		1F8902D128EDBECE00351BBA /* Read Random Stories For BabiesTests */ = {
			isa = PBXNativeTarget;
			buildConfigurationList = 1F8902E928EDBECE00351BBA /* Build configuration list for PBXNativeTarget "Read Random Stories For BabiesTests" */;
			buildPhases = (
				1F8902CE28EDBECE00351BBA /* Sources */,
				1F8902CF28EDBECE00351BBA /* Frameworks */,
				1F8902D028EDBECE00351BBA /* Resources */,
			);
			buildRules = (
			);
			dependencies = (
				1F8902D428EDBECE00351BBA /* PBXTargetDependency */,
			);
			name = "Read Random Stories For BabiesTests";
			productName = "Read Random Stories For BabiesTests";
			productReference = 1F8902D228EDBECE00351BBA /* Read Random Stories For BabiesTests.xctest */;
			productType = "com.apple.product-type.bundle.unit-test";
		};
		1F8902DB28EDBECE00351BBA /* Read Random Stories For BabiesUITests */ = {
			isa = PBXNativeTarget;
			buildConfigurationList = 1F8902EC28EDBECE00351BBA /* Build configuration list for PBXNativeTarget "Read Random Stories For BabiesUITests" */;
			buildPhases = (
				1F8902D828EDBECE00351BBA /* Sources */,
				1F8902D928EDBECE00351BBA /* Frameworks */,
				1F8902DA28EDBECE00351BBA /* Resources */,
			);
			buildRules = (
			);
			dependencies = (
				1F8902DE28EDBECE00351BBA /* PBXTargetDependency */,
			);
			name = "Read Random Stories For BabiesUITests";
			productName = "Read Random Stories For BabiesUITests";
			productReference = 1F8902DC28EDBECE00351BBA /* Read Random Stories For BabiesUITests.xctest */;
			productType = "com.apple.product-type.bundle.ui-testing";
		};
/* End PBXNativeTarget section */

/* Begin PBXProject section */
		1F8902B428EDBECD00351BBA /* Project object */ = {
			isa = PBXProject;
			attributes = {
				BuildIndependentTargetsInParallel = 1;
				LastSwiftUpdateCheck = 1320;
				LastUpgradeCheck = 1320;
				TargetAttributes = {
					1F8902BB28EDBECD00351BBA = {
						CreatedOnToolsVersion = 13.2.1;
					};
					1F8902D128EDBECE00351BBA = {
						CreatedOnToolsVersion = 13.2.1;
						TestTargetID = 1F8902BB28EDBECD00351BBA;
					};
					1F8902DB28EDBECE00351BBA = {
						CreatedOnToolsVersion = 13.2.1;
						TestTargetID = 1F8902BB28EDBECD00351BBA;
					};
				};
			};
			buildConfigurationList = 1F8902B728EDBECD00351BBA /* Build configuration list for PBXProject "Read Random Stories For Babies" */;
			compatibilityVersion = "Xcode 13.0";
			developmentRegion = en;
			hasScannedForEncodings = 0;
			knownRegions = (
				en,
				Base,
			);
			mainGroup = 1F8902B328EDBECD00351BBA;
			productRefGroup = 1F8902BD28EDBECD00351BBA /* Products */;
			projectDirPath = "";
			projectRoot = "";
			targets = (
				1F8902BB28EDBECD00351BBA /* Read Random Stories For Babies */,
				1F8902D128EDBECE00351BBA /* Read Random Stories For BabiesTests */,
				1F8902DB28EDBECE00351BBA /* Read Random Stories For BabiesUITests */,
			);
		};
/* End PBXProject section */

/* Begin PBXResourcesBuildPhase section */
		1F8902BA28EDBECD00351BBA /* Resources */ = {
			isa = PBXResourcesBuildPhase;
			buildActionMask = 2147483647;
			files = (
				1F8902CC28EDBECE00351BBA /* LaunchScreen.storyboard in Resources */,
				1F8902C928EDBECE00351BBA /* Assets.xcassets in Resources */,
				1F8902C728EDBECD00351BBA /* Main.storyboard in Resources */,
			);
			runOnlyForDeploymentPostprocessing = 0;
		};
		1F8902D028EDBECE00351BBA /* Resources */ = {
			isa = PBXResourcesBuildPhase;
			buildActionMask = 2147483647;
			files = (
			);
			runOnlyForDeploymentPostprocessing = 0;
		};
		1F8902DA28EDBECE00351BBA /* Resources */ = {
			isa = PBXResourcesBuildPhase;
			buildActionMask = 2147483647;
			files = (
			);
			runOnlyForDeploymentPostprocessing = 0;
		};
/* End PBXResourcesBuildPhase section */

/* Begin PBXSourcesBuildPhase section */
		1F8902B828EDBECD00351BBA /* Sources */ = {
			isa = PBXSourcesBuildPhase;
			buildActionMask = 2147483647;
			files = (
				1F8902F628EE2B5000351BBA /* WriteStoryError.swift in Sources */,
				1F8902C428EDBECD00351BBA /* HomeViewController.swift in Sources */,
				1F8902C028EDBECD00351BBA /* AppDelegate.swift in Sources */,
				1F8902F028EDC11300351BBA /* WriteStoryViewController.swift in Sources */,
				1F8902C228EDBECD00351BBA /* SceneDelegate.swift in Sources */,
				1F8902F228EDD14F00351BBA /* Story.swift in Sources */,
				1F8902F428EDD27400351BBA /* MyDumyDatabase.swift in Sources */,
			);
			runOnlyForDeploymentPostprocessing = 0;
		};
		1F8902CE28EDBECE00351BBA /* Sources */ = {
			isa = PBXSourcesBuildPhase;
			buildActionMask = 2147483647;
			files = (
				1F8902D728EDBECE00351BBA /* Read_Random_Stories_For_BabiesTests.swift in Sources */,
			);
			runOnlyForDeploymentPostprocessing = 0;
		};
		1F8902D828EDBECE00351BBA /* Sources */ = {
			isa = PBXSourcesBuildPhase;
			buildActionMask = 2147483647;
			files = (
				1F8902E128EDBECE00351BBA /* Read_Random_Stories_For_BabiesUITests.swift in Sources */,
				1F8902E328EDBECE00351BBA /* Read_Random_Stories_For_BabiesUITestsLaunchTests.swift in Sources */,
			);
			runOnlyForDeploymentPostprocessing = 0;
		};
/* End PBXSourcesBuildPhase section */

/* Begin PBXTargetDependency section */
		1F8902D428EDBECE00351BBA /* PBXTargetDependency */ = {
			isa = PBXTargetDependency;
			target = 1F8902BB28EDBECD00351BBA /* Read Random Stories For Babies */;
			targetProxy = 1F8902D328EDBECE00351BBA /* PBXContainerItemProxy */;
		};
		1F8902DE28EDBECE00351BBA /* PBXTargetDependency */ = {
			isa = PBXTargetDependency;
			target = 1F8902BB28EDBECD00351BBA /* Read Random Stories For Babies */;
			targetProxy = 1F8902DD28EDBECE00351BBA /* PBXContainerItemProxy */;
		};
/* End PBXTargetDependency section */

/* Begin PBXVariantGroup section */
		1F8902C528EDBECD00351BBA /* Main.storyboard */ = {
			isa = PBXVariantGroup;
			children = (
				1F8902C628EDBECD00351BBA /* Base */,
			);
			name = Main.storyboard;
			sourceTree = "<group>";
		};
		1F8902CA28EDBECE00351BBA /* LaunchScreen.storyboard */ = {
			isa = PBXVariantGroup;
			children = (
				1F8902CB28EDBECE00351BBA /* Base */,
			);
			name = LaunchScreen.storyboard;
			sourceTree = "<group>";
		};
/* End PBXVariantGroup section */

/* Begin XCBuildConfiguration section */
		1F8902E428EDBECE00351BBA /* Debug */ = {
			isa = XCBuildConfiguration;
			buildSettings = {
				ALWAYS_SEARCH_USER_PATHS = NO;
				CLANG_ANALYZER_NONNULL = YES;
				CLANG_ANALYZER_NUMBER_OBJECT_CONVERSION = YES_AGGRESSIVE;
				CLANG_CXX_LANGUAGE_STANDARD = "gnu++17";
				CLANG_CXX_LIBRARY = "libc++";
				CLANG_ENABLE_MODULES = YES;
				CLANG_ENABLE_OBJC_ARC = YES;
				CLANG_ENABLE_OBJC_WEAK = YES;
				CLANG_WARN_BLOCK_CAPTURE_AUTORELEASING = YES;
				CLANG_WARN_BOOL_CONVERSION = YES;
				CLANG_WARN_COMMA = YES;
				CLANG_WARN_CONSTANT_CONVERSION = YES;
				CLANG_WARN_DEPRECATED_OBJC_IMPLEMENTATIONS = YES;
				CLANG_WARN_DIRECT_OBJC_ISA_USAGE = YES_ERROR;
				CLANG_WARN_DOCUMENTATION_COMMENTS = YES;
				CLANG_WARN_EMPTY_BODY = YES;
				CLANG_WARN_ENUM_CONVERSION = YES;
				CLANG_WARN_INFINITE_RECURSION = YES;
				CLANG_WARN_INT_CONVERSION = YES;
				CLANG_WARN_NON_LITERAL_NULL_CONVERSION = YES;
				CLANG_WARN_OBJC_IMPLICIT_RETAIN_SELF = YES;
				CLANG_WARN_OBJC_LITERAL_CONVERSION = YES;
				CLANG_WARN_OBJC_ROOT_CLASS = YES_ERROR;
				CLANG_WARN_QUOTED_INCLUDE_IN_FRAMEWORK_HEADER = YES;
				CLANG_WARN_RANGE_LOOP_ANALYSIS = YES;
				CLANG_WARN_STRICT_PROTOTYPES = YES;
				CLANG_WARN_SUSPICIOUS_MOVE = YES;
				CLANG_WARN_UNGUARDED_AVAILABILITY = YES_AGGRESSIVE;
				CLANG_WARN_UNREACHABLE_CODE = YES;
				CLANG_WARN__DUPLICATE_METHOD_MATCH = YES;
				COPY_PHASE_STRIP = NO;
				DEBUG_INFORMATION_FORMAT = dwarf;
				ENABLE_STRICT_OBJC_MSGSEND = YES;
				ENABLE_TESTABILITY = YES;
				GCC_C_LANGUAGE_STANDARD = gnu11;
				GCC_DYNAMIC_NO_PIC = NO;
				GCC_NO_COMMON_BLOCKS = YES;
				GCC_OPTIMIZATION_LEVEL = 0;
				GCC_PREPROCESSOR_DEFINITIONS = (
					"DEBUG=1",
					"$(inherited)",
				);
				GCC_WARN_64_TO_32_BIT_CONVERSION = YES;
				GCC_WARN_ABOUT_RETURN_TYPE = YES_ERROR;
				GCC_WARN_UNDECLARED_SELECTOR = YES;
				GCC_WARN_UNINITIALIZED_AUTOS = YES_AGGRESSIVE;
				GCC_WARN_UNUSED_FUNCTION = YES;
				GCC_WARN_UNUSED_VARIABLE = YES;
				IPHONEOS_DEPLOYMENT_TARGET = 15.2;
				MTL_ENABLE_DEBUG_INFO = INCLUDE_SOURCE;
				MTL_FAST_MATH = YES;
				ONLY_ACTIVE_ARCH = YES;
				SDKROOT = iphoneos;
				SWIFT_ACTIVE_COMPILATION_CONDITIONS = DEBUG;
				SWIFT_OPTIMIZATION_LEVEL = "-Onone";
			};
			name = Debug;
		};
		1F8902E528EDBECE00351BBA /* Release */ = {
			isa = XCBuildConfiguration;
			buildSettings = {
				ALWAYS_SEARCH_USER_PATHS = NO;
				CLANG_ANALYZER_NONNULL = YES;
				CLANG_ANALYZER_NUMBER_OBJECT_CONVERSION = YES_AGGRESSIVE;
				CLANG_CXX_LANGUAGE_STANDARD = "gnu++17";
				CLANG_CXX_LIBRARY = "libc++";
				CLANG_ENABLE_MODULES = YES;
				CLANG_ENABLE_OBJC_ARC = YES;
				CLANG_ENABLE_OBJC_WEAK = YES;
				CLANG_WARN_BLOCK_CAPTURE_AUTORELEASING = YES;
				CLANG_WARN_BOOL_CONVERSION = YES;
				CLANG_WARN_COMMA = YES;
				CLANG_WARN_CONSTANT_CONVERSION = YES;
				CLANG_WARN_DEPRECATED_OBJC_IMPLEMENTATIONS = YES;
				CLANG_WARN_DIRECT_OBJC_ISA_USAGE = YES_ERROR;
				CLANG_WARN_DOCUMENTATION_COMMENTS = YES;
				CLANG_WARN_EMPTY_BODY = YES;
				CLANG_WARN_ENUM_CONVERSION = YES;
				CLANG_WARN_INFINITE_RECURSION = YES;
				CLANG_WARN_INT_CONVERSION = YES;
				CLANG_WARN_NON_LITERAL_NULL_CONVERSION = YES;
				CLANG_WARN_OBJC_IMPLICIT_RETAIN_SELF = YES;
				CLANG_WARN_OBJC_LITERAL_CONVERSION = YES;
				CLANG_WARN_OBJC_ROOT_CLASS = YES_ERROR;
				CLANG_WARN_QUOTED_INCLUDE_IN_FRAMEWORK_HEADER = YES;
				CLANG_WARN_RANGE_LOOP_ANALYSIS = YES;
				CLANG_WARN_STRICT_PROTOTYPES = YES;
				CLANG_WARN_SUSPICIOUS_MOVE = YES;
				CLANG_WARN_UNGUARDED_AVAILABILITY = YES_AGGRESSIVE;
				CLANG_WARN_UNREACHABLE_CODE = YES;
				CLANG_WARN__DUPLICATE_METHOD_MATCH = YES;
				COPY_PHASE_STRIP = NO;
				DEBUG_INFORMATION_FORMAT = "dwarf-with-dsym";
				ENABLE_NS_ASSERTIONS = NO;
				ENABLE_STRICT_OBJC_MSGSEND = YES;
				GCC_C_LANGUAGE_STANDARD = gnu11;
				GCC_NO_COMMON_BLOCKS = YES;
				GCC_WARN_64_TO_32_BIT_CONVERSION = YES;
				GCC_WARN_ABOUT_RETURN_TYPE = YES_ERROR;
				GCC_WARN_UNDECLARED_SELECTOR = YES;
				GCC_WARN_UNINITIALIZED_AUTOS = YES_AGGRESSIVE;
				GCC_WARN_UNUSED_FUNCTION = YES;
				GCC_WARN_UNUSED_VARIABLE = YES;
				IPHONEOS_DEPLOYMENT_TARGET = 15.2;
				MTL_ENABLE_DEBUG_INFO = NO;
				MTL_FAST_MATH = YES;
				SDKROOT = iphoneos;
				SWIFT_COMPILATION_MODE = wholemodule;
				SWIFT_OPTIMIZATION_LEVEL = "-O";
				VALIDATE_PRODUCT = YES;
			};
			name = Release;
		};
		1F8902E728EDBECE00351BBA /* Debug */ = {
			isa = XCBuildConfiguration;
			buildSettings = {
				ASSETCATALOG_COMPILER_APPICON_NAME = AppIcon;
				ASSETCATALOG_COMPILER_GLOBAL_ACCENT_COLOR_NAME = AccentColor;
				CODE_SIGN_STYLE = Automatic;
				CURRENT_PROJECT_VERSION = 1;
				DEVELOPMENT_TEAM = 672238735N;
				GENERATE_INFOPLIST_FILE = YES;
				INFOPLIST_FILE = "Read Random Stories For Babies/Info.plist";
				INFOPLIST_KEY_UIApplicationSupportsIndirectInputEvents = YES;
				INFOPLIST_KEY_UILaunchStoryboardName = LaunchScreen;
				INFOPLIST_KEY_UIMainStoryboardFile = Main;
				INFOPLIST_KEY_UISupportedInterfaceOrientations_iPad = "UIInterfaceOrientationPortrait UIInterfaceOrientationPortraitUpsideDown UIInterfaceOrientationLandscapeLeft UIInterfaceOrientationLandscapeRight";
				INFOPLIST_KEY_UISupportedInterfaceOrientations_iPhone = "UIInterfaceOrientationPortrait UIInterfaceOrientationLandscapeLeft UIInterfaceOrientationLandscapeRight";
				LD_RUNPATH_SEARCH_PATHS = (
					"$(inherited)",
					"@executable_path/Frameworks",
				);
				MARKETING_VERSION = 1.0;
				PRODUCT_BUNDLE_IDENTIFIER = "com.busranurok.Read-Random-Stories-For-Babies";
				PRODUCT_NAME = "$(TARGET_NAME)";
				SWIFT_EMIT_LOC_STRINGS = YES;
				SWIFT_VERSION = 5.0;
				TARGETED_DEVICE_FAMILY = "1,2";
			};
			name = Debug;
		};
		1F8902E828EDBECE00351BBA /* Release */ = {
			isa = XCBuildConfiguration;
			buildSettings = {
				ASSETCATALOG_COMPILER_APPICON_NAME = AppIcon;
				ASSETCATALOG_COMPILER_GLOBAL_ACCENT_COLOR_NAME = AccentColor;
				CODE_SIGN_STYLE = Automatic;
				CURRENT_PROJECT_VERSION = 1;
				DEVELOPMENT_TEAM = 672238735N;
				GENERATE_INFOPLIST_FILE = YES;
				INFOPLIST_FILE = "Read Random Stories For Babies/Info.plist";
				INFOPLIST_KEY_UIApplicationSupportsIndirectInputEvents = YES;
				INFOPLIST_KEY_UILaunchStoryboardName = LaunchScreen;
				INFOPLIST_KEY_UIMainStoryboardFile = Main;
				INFOPLIST_KEY_UISupportedInterfaceOrientations_iPad = "UIInterfaceOrientationPortrait UIInterfaceOrientationPortraitUpsideDown UIInterfaceOrientationLandscapeLeft UIInterfaceOrientationLandscapeRight";
				INFOPLIST_KEY_UISupportedInterfaceOrientations_iPhone = "UIInterfaceOrientationPortrait UIInterfaceOrientationLandscapeLeft UIInterfaceOrientationLandscapeRight";
				LD_RUNPATH_SEARCH_PATHS = (
					"$(inherited)",
					"@executable_path/Frameworks",
				);
				MARKETING_VERSION = 1.0;
				PRODUCT_BUNDLE_IDENTIFIER = "com.busranurok.Read-Random-Stories-For-Babies";
				PRODUCT_NAME = "$(TARGET_NAME)";
				SWIFT_EMIT_LOC_STRINGS = YES;
				SWIFT_VERSION = 5.0;
				TARGETED_DEVICE_FAMILY = "1,2";
			};
			name = Release;
		};
		1F8902EA28EDBECE00351BBA /* Debug */ = {
			isa = XCBuildConfiguration;
			buildSettings = {
				ALWAYS_EMBED_SWIFT_STANDARD_LIBRARIES = YES;
				BUNDLE_LOADER = "$(TEST_HOST)";
				CODE_SIGN_STYLE = Automatic;
				CURRENT_PROJECT_VERSION = 1;
				DEVELOPMENT_TEAM = 672238735N;
				GENERATE_INFOPLIST_FILE = YES;
				IPHONEOS_DEPLOYMENT_TARGET = 15.2;
				MARKETING_VERSION = 1.0;
				PRODUCT_BUNDLE_IDENTIFIER = "com.busranurok.Read-Random-Stories-For-BabiesTests";
				PRODUCT_NAME = "$(TARGET_NAME)";
				SWIFT_EMIT_LOC_STRINGS = NO;
				SWIFT_VERSION = 5.0;
				TARGETED_DEVICE_FAMILY = "1,2";
				TEST_HOST = "$(BUILT_PRODUCTS_DIR)/Read Random Stories For Babies.app/Read Random Stories For Babies";
			};
			name = Debug;
		};
		1F8902EB28EDBECE00351BBA /* Release */ = {
			isa = XCBuildConfiguration;
			buildSettings = {
				ALWAYS_EMBED_SWIFT_STANDARD_LIBRARIES = YES;
				BUNDLE_LOADER = "$(TEST_HOST)";
				CODE_SIGN_STYLE = Automatic;
				CURRENT_PROJECT_VERSION = 1;
				DEVELOPMENT_TEAM = 672238735N;
				GENERATE_INFOPLIST_FILE = YES;
				IPHONEOS_DEPLOYMENT_TARGET = 15.2;
				MARKETING_VERSION = 1.0;
				PRODUCT_BUNDLE_IDENTIFIER = "com.busranurok.Read-Random-Stories-For-BabiesTests";
				PRODUCT_NAME = "$(TARGET_NAME)";
				SWIFT_EMIT_LOC_STRINGS = NO;
				SWIFT_VERSION = 5.0;
				TARGETED_DEVICE_FAMILY = "1,2";
				TEST_HOST = "$(BUILT_PRODUCTS_DIR)/Read Random Stories For Babies.app/Read Random Stories For Babies";
			};
			name = Release;
		};
		1F8902ED28EDBECE00351BBA /* Debug */ = {
			isa = XCBuildConfiguration;
			buildSettings = {
				ALWAYS_EMBED_SWIFT_STANDARD_LIBRARIES = YES;
				CODE_SIGN_STYLE = Automatic;
				CURRENT_PROJECT_VERSION = 1;
				DEVELOPMENT_TEAM = 672238735N;
				GENERATE_INFOPLIST_FILE = YES;
				MARKETING_VERSION = 1.0;
				PRODUCT_BUNDLE_IDENTIFIER = "com.busranurok.Read-Random-Stories-For-BabiesUITests";
				PRODUCT_NAME = "$(TARGET_NAME)";
				SWIFT_EMIT_LOC_STRINGS = NO;
				SWIFT_VERSION = 5.0;
				TARGETED_DEVICE_FAMILY = "1,2";
				TEST_TARGET_NAME = "Read Random Stories For Babies";
			};
			name = Debug;
		};
		1F8902EE28EDBECE00351BBA /* Release */ = {
			isa = XCBuildConfiguration;
			buildSettings = {
				ALWAYS_EMBED_SWIFT_STANDARD_LIBRARIES = YES;
				CODE_SIGN_STYLE = Automatic;
				CURRENT_PROJECT_VERSION = 1;
				DEVELOPMENT_TEAM = 672238735N;
				GENERATE_INFOPLIST_FILE = YES;
				MARKETING_VERSION = 1.0;
				PRODUCT_BUNDLE_IDENTIFIER = "com.busranurok.Read-Random-Stories-For-BabiesUITests";
				PRODUCT_NAME = "$(TARGET_NAME)";
				SWIFT_EMIT_LOC_STRINGS = NO;
				SWIFT_VERSION = 5.0;
				TARGETED_DEVICE_FAMILY = "1,2";
				TEST_TARGET_NAME = "Read Random Stories For Babies";
			};
			name = Release;
		};
/* End XCBuildConfiguration section */

/* Begin XCConfigurationList section */
		1F8902B728EDBECD00351BBA /* Build configuration list for PBXProject "Read Random Stories For Babies" */ = {
			isa = XCConfigurationList;
			buildConfigurations = (
				1F8902E428EDBECE00351BBA /* Debug */,
				1F8902E528EDBECE00351BBA /* Release */,
			);
			defaultConfigurationIsVisible = 0;
			defaultConfigurationName = Release;
		};
		1F8902E628EDBECE00351BBA /* Build configuration list for PBXNativeTarget "Read Random Stories For Babies" */ = {
			isa = XCConfigurationList;
			buildConfigurations = (
				1F8902E728EDBECE00351BBA /* Debug */,
				1F8902E828EDBECE00351BBA /* Release */,
			);
			defaultConfigurationIsVisible = 0;
			defaultConfigurationName = Release;
		};
		1F8902E928EDBECE00351BBA /* Build configuration list for PBXNativeTarget "Read Random Stories For BabiesTests" */ = {
			isa = XCConfigurationList;
			buildConfigurations = (
				1F8902EA28EDBECE00351BBA /* Debug */,
				1F8902EB28EDBECE00351BBA /* Release */,
			);
			defaultConfigurationIsVisible = 0;
			defaultConfigurationName = Release;
		};
		1F8902EC28EDBECE00351BBA /* Build configuration list for PBXNativeTarget "Read Random Stories For BabiesUITests" */ = {
			isa = XCConfigurationList;
			buildConfigurations = (
				1F8902ED28EDBECE00351BBA /* Debug */,
				1F8902EE28EDBECE00351BBA /* Release */,
			);
			defaultConfigurationIsVisible = 0;
			defaultConfigurationName = Release;
		};
/* End XCConfigurationList section */
	};
	rootObject = 1F8902B428EDBECD00351BBA /* Project object */;
}
